{
  "version": 4,
  "terraform_version": "1.14.3",
  "serial": 8,
  "lineage": "6b8a0245-84a2-482b-9a07-810906f74a29",
  "outputs": {},
  "resources": [
    {
      "mode": "managed",
      "type": "local_file",
      "name": "firstfile",
      "provider": "provider[\"registry.terraform.io/hashicorp/local\"]",
      "instances": [
        {
          "schema_version": 0,
          "attributes": {
            "content": "this is my second file",
            "content_base64": null,
            "content_base64sha256": "JR7iW9Dr8VbftFO6RnoKa/DoJa0gmUj7Ji3hCtgC23Q=",
            "content_base64sha512": "4h5+Rz/tHkLDX9vsQ0UektM+lZec210NUWcCZAIr72LTEzhQRXD6QqJ71o64hgBKWhioQgJTjJBxHnn9eoQUcw==",
            "content_md5": "7ea0af81ab2517b32d4f1022e365f786",
            "content_sha1": "9aa0f9425c81a8274ade7a5f6c0dd844149d1e57",
            "content_sha256": "251ee25bd0ebf156dfb453ba467a0a6bf0e825ad209948fb262de10ad802db74",
            "content_sha512": "e21e7e473fed1e42c35fdbec43451e92d33e95979cdb5d0d51670264022bef62d31338504570fa42a27bd68eb886004a5a18a84202538c90711e79fd7a841473",
            "directory_permission": "0777",
            "file_permission": "0777",
            "filename": "abc.txt",
            "id": "9aa0f9425c81a8274ade7a5f6c0dd844149d1e57",
            "sensitive_content": null,
            "source": null
          },
          "sensitive_attributes": [
            [
              {
                "type": "get_attr",
                "value": "sensitive_content"
              }
            ]
          ],
          "identity_schema_version": 0
        }
      ]
    }
  ],
  "check_results": null
}
